
Microsoft Visual Studio Solution File, Format Version 12.00
# Visual Studio Version 17
VisualStudioVersion = 17.0.31903.59
MinimumVisualStudioVersion = 10.0.40219.1
Project("{FAE04EC0-301F-11D3-BF4B-00C04F79EFBC}") = "BSourceCore.API", "BSourceCore.API\BSourceCore.API.csproj", "{C6C126ED-90C9-4FA8-B127-9D877CC9C49E}"
EndProject
Project("{FAE04EC0-301F-11D3-BF4B-00C04F79EFBC}") = "BSourceCore.Domain", "BSourceCore.Domain\BSourceCore.Domain.csproj", "{85843E69-D8FF-46C9-9C02-217A2A4E63EE}"
EndProject
Project("{FAE04EC0-301F-11D3-BF4B-00C04F79EFBC}") = "BSourceCore.Application", "BSourceCore.Application\BSourceCore.Application.csproj", "{8571722B-29CE-40F1-8CA9-96D48129901D}"
EndProject
Project("{FAE04EC0-301F-11D3-BF4B-00C04F79EFBC}") = "BSourceCore.Infrastructure", "BSourceCore.Infrastructure\BSourceCore.Infrastructure.csproj", "{4085DC98-D9EC-4FBC-9EFA-2D6F520135E6}"
EndProject
Project("{FAE04EC0-301F-11D3-BF4B-00C04F79EFBC}") = "BSourceCore.Shared", "BSourceCore.Shared\BSourceCore.Shared.csproj", "{215FCD86-D256-46FF-A8AF-0ADCCF3F3CA5}"
EndProject
Global
	GlobalSection(SolutionConfigurationPlatforms) = preSolution
		Debug|Any CPU = Debug|Any CPU
		Debug|x64 = Debug|x64
		Debug|x86 = Debug|x86
		Release|Any CPU = Release|Any CPU
		Release|x64 = Release|x64
		Release|x86 = Release|x86
	EndGlobalSection
	GlobalSection(ProjectConfigurationPlatforms) = postSolution
		{C6C126ED-90C9-4FA8-B127-9D877CC9C49E}.Debug|Any CPU.ActiveCfg = Debug|Any CPU
		{C6C126ED-90C9-4FA8-B127-9D877CC9C49E}.Debug|Any CPU.Build.0 = Debug|Any CPU
		{C6C126ED-90C9-4FA8-B127-9D877CC9C49E}.Debug|x64.ActiveCfg = Debug|Any CPU
		{C6C126ED-90C9-4FA8-B127-9D877CC9C49E}.Debug|x64.Build.0 = Debug|Any CPU
		{C6C126ED-90C9-4FA8-B127-9D877CC9C49E}.Debug|x86.ActiveCfg = Debug|Any CPU
		{C6C126ED-90C9-4FA8-B127-9D877CC9C49E}.Debug|x86.Build.0 = Debug|Any CPU
		{C6C126ED-90C9-4FA8-B127-9D877CC9C49E}.Release|Any CPU.ActiveCfg = Release|Any CPU
		{C6C126ED-90C9-4FA8-B127-9D877CC9C49E}.Release|Any CPU.Build.0 = Release|Any CPU
		{C6C126ED-90C9-4FA8-B127-9D877CC9C49E}.Release|x64.ActiveCfg = Release|Any CPU
		{C6C126ED-90C9-4FA8-B127-9D877CC9C49E}.Release|x64.Build.0 = Release|Any CPU
		{C6C126ED-90C9-4FA8-B127-9D877CC9C49E}.Release|x86.ActiveCfg = Release|Any CPU
		{C6C126ED-90C9-4FA8-B127-9D877CC9C49E}.Release|x86.Build.0 = Release|Any CPU
		{85843E69-D8FF-46C9-9C02-217A2A4E63EE}.Debug|Any CPU.ActiveCfg = Debug|Any CPU
		{85843E69-D8FF-46C9-9C02-217A2A4E63EE}.Debug|Any CPU.Build.0 = Debug|Any CPU
		{85843E69-D8FF-46C9-9C02-217A2A4E63EE}.Debug|x64.ActiveCfg = Debug|Any CPU
		{85843E69-D8FF-46C9-9C02-217A2A4E63EE}.Debug|x64.Build.0 = Debug|Any CPU
		{85843E69-D8FF-46C9-9C02-217A2A4E63EE}.Debug|x86.ActiveCfg = Debug|Any CPU
		{85843E69-D8FF-46C9-9C02-217A2A4E63EE}.Debug|x86.Build.0 = Debug|Any CPU
		{85843E69-D8FF-46C9-9C02-217A2A4E63EE}.Release|Any CPU.ActiveCfg = Release|Any CPU
		{85843E69-D8FF-46C9-9C02-217A2A4E63EE}.Release|Any CPU.Build.0 = Release|Any CPU
		{85843E69-D8FF-46C9-9C02-217A2A4E63EE}.Release|x64.ActiveCfg = Release|Any CPU
		{85843E69-D8FF-46C9-9C02-217A2A4E63EE}.Release|x64.Build.0 = Release|Any CPU
		{85843E69-D8FF-46C9-9C02-217A2A4E63EE}.Release|x86.ActiveCfg = Release|Any CPU
		{85843E69-D8FF-46C9-9C02-217A2A4E63EE}.Release|x86.Build.0 = Release|Any CPU
		{8571722B-29CE-40F1-8CA9-96D48129901D}.Debug|Any CPU.ActiveCfg = Debug|Any CPU
		{8571722B-29CE-40F1-8CA9-96D48129901D}.Debug|Any CPU.Build.0 = Debug|Any CPU
		{8571722B-29CE-40F1-8CA9-96D48129901D}.Debug|x64.ActiveCfg = Debug|Any CPU
		{8571722B-29CE-40F1-8CA9-96D48129901D}.Debug|x64.Build.0 = Debug|Any CPU
		{8571722B-29CE-40F1-8CA9-96D48129901D}.Debug|x86.ActiveCfg = Debug|Any CPU
		{8571722B-29CE-40F1-8CA9-96D48129901D}.Debug|x86.Build.0 = Debug|Any CPU
		{8571722B-29CE-40F1-8CA9-96D48129901D}.Release|Any CPU.ActiveCfg = Release|Any CPU
		{8571722B-29CE-40F1-8CA9-96D48129901D}.Release|Any CPU.Build.0 = Release|Any CPU
		{8571722B-29CE-40F1-8CA9-96D48129901D}.Release|x64.ActiveCfg = Release|Any CPU
		{8571722B-29CE-40F1-8CA9-96D48129901D}.Release|x64.Build.0 = Release|Any CPU
		{8571722B-29CE-40F1-8CA9-96D48129901D}.Release|x86.ActiveCfg = Release|Any CPU
		{8571722B-29CE-40F1-8CA9-96D48129901D}.Release|x86.Build.0 = Release|Any CPU
		{4085DC98-D9EC-4FBC-9EFA-2D6F520135E6}.Debug|Any CPU.ActiveCfg = Debug|Any CPU
		{4085DC98-D9EC-4FBC-9EFA-2D6F520135E6}.Debug|Any CPU.Build.0 = Debug|Any CPU
		{4085DC98-D9EC-4FBC-9EFA-2D6F520135E6}.Debug|x64.ActiveCfg = Debug|Any CPU
		{4085DC98-D9EC-4FBC-9EFA-2D6F520135E6}.Debug|x64.Build.0 = Debug|Any CPU
		{4085DC98-D9EC-4FBC-9EFA-2D6F520135E6}.Debug|x86.ActiveCfg = Debug|Any CPU
		{4085DC98-D9EC-4FBC-9EFA-2D6F520135E6}.Debug|x86.Build.0 = Debug|Any CPU
		{4085DC98-D9EC-4FBC-9EFA-2D6F520135E6}.Release|Any CPU.ActiveCfg = Release|Any CPU
		{4085DC98-D9EC-4FBC-9EFA-2D6F520135E6}.Release|Any CPU.Build.0 = Release|Any CPU
		{4085DC98-D9EC-4FBC-9EFA-2D6F520135E6}.Release|x64.ActiveCfg = Release|Any CPU
		{4085DC98-D9EC-4FBC-9EFA-2D6F520135E6}.Release|x64.Build.0 = Release|Any CPU
		{4085DC98-D9EC-4FBC-9EFA-2D6F520135E6}.Release|x86.ActiveCfg = Release|Any CPU
		{4085DC98-D9EC-4FBC-9EFA-2D6F520135E6}.Release|x86.Build.0 = Release|Any CPU
		{215FCD86-D256-46FF-A8AF-0ADCCF3F3CA5}.Debug|Any CPU.ActiveCfg = Debug|Any CPU
		{215FCD86-D256-46FF-A8AF-0ADCCF3F3CA5}.Debug|Any CPU.Build.0 = Debug|Any CPU
		{215FCD86-D256-46FF-A8AF-0ADCCF3F3CA5}.Debug|x64.ActiveCfg = Debug|Any CPU
		{215FCD86-D256-46FF-A8AF-0ADCCF3F3CA5}.Debug|x64.Build.0 = Debug|Any CPU
		{215FCD86-D256-46FF-A8AF-0ADCCF3F3CA5}.Debug|x86.ActiveCfg = Debug|Any CPU
		{215FCD86-D256-46FF-A8AF-0ADCCF3F3CA5}.Debug|x86.Build.0 = Debug|Any CPU
		{215FCD86-D256-46FF-A8AF-0ADCCF3F3CA5}.Release|Any CPU.ActiveCfg = Release|Any CPU
		{215FCD86-D256-46FF-A8AF-0ADCCF3F3CA5}.Release|Any CPU.Build.0 = Release|Any CPU
		{215FCD86-D256-46FF-A8AF-0ADCCF3F3CA5}.Release|x64.ActiveCfg = Release|Any CPU
		{215FCD86-D256-46FF-A8AF-0ADCCF3F3CA5}.Release|x64.Build.0 = Release|Any CPU
		{215FCD86-D256-46FF-A8AF-0ADCCF3F3CA5}.Release|x86.ActiveCfg = Release|Any CPU
		{215FCD86-D256-46FF-A8AF-0ADCCF3F3CA5}.Release|x86.Build.0 = Release|Any CPU
	EndGlobalSection
	GlobalSection(SolutionProperties) = preSolution
		HideSolutionNode = FALSE
	EndGlobalSection
EndGlobal
